hash: 10fec6612ea895e6378a1c5aa46db5f6c8615613e08d4ca994fa5322548e74c4
updated: 2017-03-24T17:07:25.937174733-07:00
imports:
- name: github.com/eawsy/aws-lambda-go-core
  version: e26eed6aa244a3d45aa693816a9c5faf39390fcd
  subpackages:
  - '...'
- name: github.com/klauspost/compress
  version: 6c8db69c4b49dd4df1fff66996cf556176d0b9bf
  subpackages:
  - flate
  - gzip
  - zlib
- name: github.com/klauspost/cpuid
  version: 09cded8978dc9e80714c4d85b0322337b0a1e5e0
- name: github.com/klauspost/crc32
  version: 1bab8b35b6bb565f92cbc97939610af9369f942a
- name: github.com/valyala/fasthttp
  version: d42167fd04f636e20b005e9934159e95454233c7
  subpackages:
  - fasthttputil
- name: gopkg.in/bsm/openrtb.v2
  version: dde43bcfdf56ce6ddf3fb38714f09b18dbeee712
- name: gopkg.in/redis.v5
  version: a16aeec10ff407b1e7be6dd35797ccf5426ef0f0
  subpackages:
  - internal
  - internal/consistenthash
  - internal/hashtag
  - internal/pool
  - internal/proto
testImports:
- name: github.com/onsi/ginkgo
  version: 462326b1628e124b23f42e87a8f2750e3c4e2d24
  subpackages:
  - config
  - internal/codelocation
  - internal/containernode
  - internal/failer
  - internal/leafnodes
  - internal/remote
  - internal/spec
  - internal/specrunner
  - internal/suite
  - internal/testingtproxy
  - internal/writer
  - reporters
  - reporters/stenographer
  - types
- name: github.com/onsi/gomega
  version: a78ae492d53aad5a7a232d0d0462c14c400e3ee7
  subpackages:
  - format
  - internal/assertion
  - internal/asyncassertion
  - internal/testingtsupport
  - matchers
  - matchers/support/goraph/bipartitegraph
  - matchers/support/goraph/edge
  - matchers/support/goraph/node
  - matchers/support/goraph/util
  - types
